# THIS IS AN AUTOGENERATED FILE. DO NOT EDIT THIS FILE DIRECTLY.
assets/bootstrap.min.css:
  development: 2018-07-18T11:34:19-04:00   3e620def14f77fe4e2fbe034aee149f4
assets/bootstrap.min.js:
  development: 2018-07-18T11:34:19-04:00   0827a0bdcd9a917990eee461a77dd33e
assets/jquery-3.1.1.min.js:
  development: 2018-07-18T11:34:19-04:00   e071abda8fe61194711cfc2ab99fe104
assets/styles.css.liquid:
  development: 2018-07-18T11:34:19-04:00   e425dbea5db83d82f196861700c9be4f
assets/theme.js.liquid:
  development: 2018-07-18T11:34:19-04:00   94d540b7249a262dcd58159e518ee2b8
config/settings_data.json:
  development: 2018-07-18T11:34:22-04:00   99914b932bd37a50b983c5e7c90ae93b
config/settings_schema.json:
  development: 2018-07-18T11:34:22-04:00   d751713988987e9331980363e24189ce
layout/theme.liquid:
  development: 2018-07-18T11:34:19-04:00   68c24adaf965c4170bc70d4c43cae5d9
locales/en.default.json:
  development: 2018-07-18T11:34:19-04:00   5308c5ddc93b23a66d8e01496017cdda
sections/featured-collections.liquid:
  development: 2018-07-18T11:34:18-04:00   577b9916fc412207b027a4afb460ad9c
sections/featured-products.liquid:
  development: 2018-07-18T11:34:18-04:00   9795b58b0b1046a96f725ebd7d45fe95
sections/footer.liquid:
  development: 2018-07-18T11:34:19-04:00   83438534ca4db745b16a89c555261808
sections/header.liquid:
  development: 2018-07-18T11:34:19-04:00   e4938dc17a26b4825682aa1a3a8970ba
sections/hero.liquid:
  development: 2018-07-18T11:34:19-04:00   65350d5951acb40a20f919522be4011f
snippets/cart-upsell.liquid:
  development: 2018-07-18T11:34:19-04:00   33ece5b07a1500fc85196ab379c160d8
snippets/collection-view.liquid:
  development: 2018-07-18T11:34:20-04:00   cbb2a48dc1453f1768f49b8c209e5f06
snippets/collection.liquid:
  development: 2018-07-18T11:34:20-04:00   59bee97e0b4c2db6f64b045dbbfe70d1
snippets/footer-block-link-list.liquid:
  development: 2018-07-18T11:34:20-04:00   a6eeb3c81e51c43335545fd72eab388c
snippets/footer-block-payment-icons.liquid:
  development: 2018-07-18T11:34:20-04:00   1176efae4d2fb5aabbac08438ef58e33
snippets/icon-amazon_payments.liquid:
  development: 2018-07-18T11:34:20-04:00   ec8359cdda389706cc36ae917892d93f
snippets/icon-american_express.liquid:
  development: 2018-07-18T11:34:20-04:00   9da829decce6867b8de60a183c94d099
snippets/icon-apple_pay.liquid:
  development: 2018-07-18T11:34:20-04:00   e82e7acc46479ea2173926f8fad55db0
snippets/icon-bitcoin.liquid:
  development: 2018-07-18T11:34:20-04:00   d8cb31e0401818c1cb852348b6f27420
snippets/icon-cirrus.liquid:
  development: 2018-07-18T11:34:20-04:00   fcbd6ce7e38d7946c921c8ed6ad5ca71
snippets/icon-dankort.liquid:
  development: 2018-07-18T11:34:20-04:00   796e1e822b3e46784d303b48c9db5b29
snippets/icon-diners_club.liquid:
  development: 2018-07-18T11:34:20-04:00   cf70ea54486bb14c286264f90dab9ff8
snippets/icon-discover.liquid:
  development: 2018-07-18T11:34:21-04:00   b43221b39bc3df37f7e6c7810d3e54d8
snippets/icon-dogecoin.liquid:
  development: 2018-07-18T11:34:21-04:00   6a35f5db9eb93d1ed563c6989ff30798
snippets/icon-dwolla.liquid:
  development: 2018-07-18T11:34:21-04:00   aeb86f67aad84adaf7635d2043cb89a9
snippets/icon-forbrugsforeningen.liquid:
  development: 2018-07-18T11:34:21-04:00   ff962a94f23046340766c215b0f14a52
snippets/icon-interac.liquid:
  development: 2018-07-18T11:34:21-04:00   24c4d22a98c0574c32fc02fe39e34b80
snippets/icon-jcb.liquid:
  development: 2018-07-18T11:34:21-04:00   275259ce80a1b368d0e5afcf7d6bb6f3
snippets/icon-laser.liquid:
  development: 2018-07-18T11:34:21-04:00   bd1a0ecfe958b6a6e84bf80e0669a6da
snippets/icon-litecoin.liquid:
  development: 2018-07-18T11:34:21-04:00   051dfcb36fa17b532a087b12f0a49e0e
snippets/icon-maestro.liquid:
  development: 2018-07-18T11:34:21-04:00   b987e558ecad607661489939ec8ca524
snippets/icon-master.liquid:
  development: 2018-07-18T11:34:21-04:00   7be93970b63c2fd0e2b319a35c00a9d7
snippets/icon-paypal.liquid:
  development: 2018-07-18T11:34:21-04:00   1b0d7db160b229b8519cccf2514ee676
snippets/icon-stripe.liquid:
  development: 2018-07-18T11:34:21-04:00   208713954dff9de98f800df59763615d
snippets/icon-visa.liquid:
  development: 2018-07-18T11:34:21-04:00   9098533cd59e385d2672f6d8b7fa4b04
snippets/product-details.liquid:
  development: 2018-07-18T11:34:21-04:00   ed98e599128204d0d1faf7da642ed4a3
snippets/product-list.liquid:
  development: 2018-07-18T11:34:21-04:00   b5e5997063bcffa151f74a4d9e4b58fd
snippets/product.liquid:
  development: 2018-07-18T11:34:21-04:00   dc14996b140d47409be5d1cd38a49ae4
snippets/related-products.liquid:
  development: 2018-07-18T11:34:21-04:00   8784fd680fa2b760edf76e0e2c4b81e0
templates/404.liquid:
  development: 2018-07-18T11:34:21-04:00
templates/article.liquid:
  development: 2018-07-18T11:34:21-04:00
templates/blog.liquid:
  development: 2018-07-18T11:34:21-04:00
templates/cart.liquid:
  development: 2018-07-18T11:34:21-04:00   6d0c9b228b63aa57769a0ffbe8983522
templates/collection.liquid:
  development: 2018-07-18T11:34:21-04:00   d110a0c1576b873b4e5620552e91296d
templates/collection.list.liquid:
  development: 2018-07-18T11:34:21-04:00   fff096b89562e904dfe16f55214ae236
templates/customers/account.liquid:
  development: 2018-07-18T11:34:21-04:00
templates/customers/activate_account.liquid:
  development: 2018-07-18T11:34:21-04:00
templates/customers/addresses.liquid:
  development: 2018-07-18T11:34:21-04:00
templates/customers/login.liquid:
  development: 2018-07-18T11:34:22-04:00
templates/customers/order.liquid:
  development: 2018-07-18T11:34:22-04:00
templates/customers/register.liquid:
  development: 2018-07-18T11:34:22-04:00
templates/customers/reset_password.liquid:
  development: 2018-07-18T11:34:22-04:00
templates/index.liquid:
  development: 2018-07-18T11:34:22-04:00   519f501bfa308e39c6b42982f81b273f
templates/page.liquid:
  development: 2018-07-18T11:34:22-04:00
templates/product.image-right.liquid:
  development: 2018-07-18T11:34:22-04:00   ef0b4d6e9116c0b458ed669813d380ba
templates/product.liquid:
  development: 2018-07-18T11:34:22-04:00   e014a1d9bcb442ccd95742a12b78a45b
templates/search.liquid:
  development: 2018-07-18T11:34:22-04:00
